{
  "name": "ScienceBowlOnline",
  "lockfileVersion": 3,
  "requires": true,
  "packages": {
    "": {
      "dependencies": {
        "@huggingface/inference": "^4.13.14"
      }
    },
    "node_modules/@huggingface/inference": {
      "version": "4.13.14",
      "resolved": "https://registry.npmjs.org/@huggingface/inference/-/inference-4.13.14.tgz",
      "integrity": "sha512-1HgrmRig7zixBEfR50KBnKddko36q7kU9WxAIksMHgm4BV7HQ0y8sqfixgMUXvVrPmaaX8HaBrZ0Wsi2ulWeog==",
      "license": "MIT",
      "dependencies": {
        "@huggingface/jinja": "^0.5.5",
        "@huggingface/tasks": "^0.19.88"
      },
      "engines": {
        "node": ">=18"
      }
    },
    "node_modules/@huggingface/jinja": {
      "version": "0.5.5",
      "resolved": "https://registry.npmjs.org/@huggingface/jinja/-/jinja-0.5.5.tgz",
      "integrity": "sha512-xRlzazC+QZwr6z4ixEqYHo9fgwhTZ3xNSdljlKfUFGZSdlvt166DljRELFUfFytlYOYvo3vTisA/AFOuOAzFQQ==",
      "license": "MIT",
      "engines": {
        "node": ">=18"
      }
    },
    "node_modules/@huggingface/tasks": {
      "version": "0.19.89",
      "resolved": "https://registry.npmjs.org/@huggingface/tasks/-/tasks-0.19.89.tgz",
      "integrity": "sha512-2NJLrMRLoZ/ojkMVi3yuwL7ESETc7/ZYDYNG3FHFNKX6xZBaC1BNypBg4/a/gj40PMkiDg01/14Hpz+cphIkdA==",
      "license": "MIT"
    }
  }
}
